
Microsoft Visual Studio Solution File, Format Version 12.00
# Visual Studio Version 17
VisualStudioVersion = 17.7.34018.315
MinimumVisualStudioVersion = 10.0.40219.1
Project("{FAE04EC0-301F-11D3-BF4B-00C04F79EFBC}") = "ConsoleApp5", "ConsoleApp5\ConsoleApp5.csproj", "{76CA1349-B438-40E1-86A4-D2CFD7D86077}"
EndProject
Global
	GlobalSection(SolutionConfigurationPlatforms) = preSolution
		Debug|Any CPU = Debug|Any CPU
		Release|Any CPU = Release|Any CPU
	EndGlobalSection
	GlobalSection(ProjectConfigurationPlatforms) = postSolution
		{76CA1349-B438-40E1-86A4-D2CFD7D86077}.Debug|Any CPU.ActiveCfg = Debug|Any CPU
		{76CA1349-B438-40E1-86A4-D2CFD7D86077}.Debug|Any CPU.Build.0 = Debug|Any CPU
		{76CA1349-B438-40E1-86A4-D2CFD7D86077}.Release|Any CPU.ActiveCfg = Release|Any CPU
		{76CA1349-B438-40E1-86A4-D2CFD7D86077}.Release|Any CPU.Build.0 = Release|Any CPU
	EndGlobalSection
	GlobalSection(SolutionProperties) = preSolution
		HideSolutionNode = FALSE
	EndGlobalSection
	GlobalSection(ExtensibilityGlobals) = postSolution
		SolutionGuid = {53D46A60-B24B-4E26-A454-15B351176B8B}
	EndGlobalSection
EndGlobal
